
Microsoft Visual Studio Solution File, Format Version 12.00
# Visual Studio Version 17
VisualStudioVersion = 17.4.33213.308
MinimumVisualStudioVersion = 10.0.40219.1
Project("{9A19103F-16F7-4668-BE54-9A1E7A4F7556}") = "Nexus", "Nexus\Nexus.csproj", "{2A23287C-C558-441A-901E-131DDED331E7}"
EndProject
Global
	GlobalSection(SolutionConfigurationPlatforms) = preSolution
		Debug|Any CPU = Debug|Any CPU
		Release|Any CPU = Release|Any CPU
	EndGlobalSection
	GlobalSection(ProjectConfigurationPlatforms) = postSolution
		{2A23287C-C558-441A-901E-131DDED331E7}.Debug|Any CPU.ActiveCfg = Debug|Any CPU
		{2A23287C-C558-441A-901E-131DDED331E7}.Debug|Any CPU.Build.0 = Debug|Any CPU
		{2A23287C-C558-441A-901E-131DDED331E7}.Release|Any CPU.ActiveCfg = Release|Any CPU
		{2A23287C-C558-441A-901E-131DDED331E7}.Release|Any CPU.Build.0 = Release|Any CPU
	EndGlobalSection
	GlobalSection(SolutionProperties) = preSolution
		HideSolutionNode = FALSE
	EndGlobalSection
	GlobalSection(ExtensibilityGlobals) = postSolution
		SolutionGuid = {8177FFB4-B9C6-4046-8A48-2A865EA0DF60}
	EndGlobalSection
EndGlobal
